
Microsoft Visual Studio Solution File, Format Version 12.00
# Visual Studio 14
VisualStudioVersion = 14.0.25420.1
MinimumVisualStudioVersion = 10.0.40219.1
Project("{FAE04EC0-301F-11D3-BF4B-00C04F79EFBC}") = "TMS_Main", "MyProject01\TMS_Main.csproj", "{18B1DF52-3A67-46A9-8CBB-F0DFBF027B6B}"
EndProject
Project("{FAE04EC0-301F-11D3-BF4B-00C04F79EFBC}") = "TMS_Objects", "TMS_Objects\TMS_Objects.csproj", "{352AD6F3-EDC5-46EA-8599-A55DDC4F0D49}"
EndProject
Project("{FAE04EC0-301F-11D3-BF4B-00C04F79EFBC}") = "TMS_DataAccess", "TMS_DataAccess\TMS_DataAccess.csproj", "{33C15AF5-8ACB-4A20-A3FD-205E3B807AFE}"
EndProject
Project("{FAE04EC0-301F-11D3-BF4B-00C04F79EFBC}") = "TMS_Services", "TMS_Services\TMS_Services.csproj", "{50B5E252-8278-4F77-9FA4-40FCAAB2EAF2}"
EndProject
Global
	GlobalSection(SolutionConfigurationPlatforms) = preSolution
		Debug|Any CPU = Debug|Any CPU
		Release|Any CPU = Release|Any CPU
	EndGlobalSection
	GlobalSection(ProjectConfigurationPlatforms) = postSolution
		{18B1DF52-3A67-46A9-8CBB-F0DFBF027B6B}.Debug|Any CPU.ActiveCfg = Debug|Any CPU
		{18B1DF52-3A67-46A9-8CBB-F0DFBF027B6B}.Debug|Any CPU.Build.0 = Debug|Any CPU
		{18B1DF52-3A67-46A9-8CBB-F0DFBF027B6B}.Release|Any CPU.ActiveCfg = Release|Any CPU
		{18B1DF52-3A67-46A9-8CBB-F0DFBF027B6B}.Release|Any CPU.Build.0 = Release|Any CPU
		{352AD6F3-EDC5-46EA-8599-A55DDC4F0D49}.Debug|Any CPU.ActiveCfg = Debug|Any CPU
		{352AD6F3-EDC5-46EA-8599-A55DDC4F0D49}.Debug|Any CPU.Build.0 = Debug|Any CPU
		{352AD6F3-EDC5-46EA-8599-A55DDC4F0D49}.Release|Any CPU.ActiveCfg = Release|Any CPU
		{352AD6F3-EDC5-46EA-8599-A55DDC4F0D49}.Release|Any CPU.Build.0 = Release|Any CPU
		{33C15AF5-8ACB-4A20-A3FD-205E3B807AFE}.Debug|Any CPU.ActiveCfg = Debug|Any CPU
		{33C15AF5-8ACB-4A20-A3FD-205E3B807AFE}.Debug|Any CPU.Build.0 = Debug|Any CPU
		{33C15AF5-8ACB-4A20-A3FD-205E3B807AFE}.Release|Any CPU.ActiveCfg = Release|Any CPU
		{33C15AF5-8ACB-4A20-A3FD-205E3B807AFE}.Release|Any CPU.Build.0 = Release|Any CPU
		{50B5E252-8278-4F77-9FA4-40FCAAB2EAF2}.Debug|Any CPU.ActiveCfg = Debug|Any CPU
		{50B5E252-8278-4F77-9FA4-40FCAAB2EAF2}.Debug|Any CPU.Build.0 = Debug|Any CPU
		{50B5E252-8278-4F77-9FA4-40FCAAB2EAF2}.Release|Any CPU.ActiveCfg = Release|Any CPU
		{50B5E252-8278-4F77-9FA4-40FCAAB2EAF2}.Release|Any CPU.Build.0 = Release|Any CPU
	EndGlobalSection
	GlobalSection(SolutionProperties) = preSolution
		HideSolutionNode = FALSE
	EndGlobalSection
EndGlobal
